
Microsoft Visual Studio Solution File, Format Version 12.00
# Visual Studio Version 16
VisualStudioVersion = 16.0.30011.22
MinimumVisualStudioVersion = 10.0.40219.1
Project("{9A19103F-16F7-4668-BE54-9A1E7A4F7556}") = "Oblivion", "Oblivion\Oblivion.csproj", "{8A344303-9CDE-4C21-92B7-5C3F2B7E3ED1}"
EndProject
Project("{9A19103F-16F7-4668-BE54-9A1E7A4F7556}") = "Simulador", "Simulador\Simulador.csproj", "{0C4425AC-FFBE-4A17-9CBC-B140DB1C5CD6}"
EndProject
Project("{9A19103F-16F7-4668-BE54-9A1E7A4F7556}") = "LogP", "LogP\LogP.csproj", "{F0ACF9D2-2C47-47DB-81DF-05FCDDA92C8B}"
EndProject
Project("{FAE04EC0-301F-11D3-BF4B-00C04F79EFBC}") = "Procesator", "Procesator\Procesator.csproj", "{74D06209-61DF-4A72-8DE5-DCF8308619F1}"
EndProject
Project("{FAE04EC0-301F-11D3-BF4B-00C04F79EFBC}") = "Reproductor", "Reproductor\Reproductor.csproj", "{2FBAAAF6-2599-47F0-9073-D4B356238D86}"
EndProject
Project("{FAE04EC0-301F-11D3-BF4B-00C04F79EFBC}") = "Ocr", "Ocr\Ocr.csproj", "{9AC053E9-FAD0-4497-B18A-8106FF0142AB}"
EndProject
Project("{FAE04EC0-301F-11D3-BF4B-00C04F79EFBC}") = "RpaService", "RpaService\RpaService.csproj", "{3DBCB506-3075-45E4-A30E-7E0A596B1705}"
EndProject
Global
	GlobalSection(SolutionConfigurationPlatforms) = preSolution
		Debug|Any CPU = Debug|Any CPU
		Release|Any CPU = Release|Any CPU
	EndGlobalSection
	GlobalSection(ProjectConfigurationPlatforms) = postSolution
		{8A344303-9CDE-4C21-92B7-5C3F2B7E3ED1}.Debug|Any CPU.ActiveCfg = Debug|Any CPU
		{8A344303-9CDE-4C21-92B7-5C3F2B7E3ED1}.Debug|Any CPU.Build.0 = Debug|Any CPU
		{8A344303-9CDE-4C21-92B7-5C3F2B7E3ED1}.Release|Any CPU.ActiveCfg = Release|Any CPU
		{8A344303-9CDE-4C21-92B7-5C3F2B7E3ED1}.Release|Any CPU.Build.0 = Release|Any CPU
		{0C4425AC-FFBE-4A17-9CBC-B140DB1C5CD6}.Debug|Any CPU.ActiveCfg = Debug|Any CPU
		{0C4425AC-FFBE-4A17-9CBC-B140DB1C5CD6}.Debug|Any CPU.Build.0 = Debug|Any CPU
		{0C4425AC-FFBE-4A17-9CBC-B140DB1C5CD6}.Release|Any CPU.ActiveCfg = Release|Any CPU
		{0C4425AC-FFBE-4A17-9CBC-B140DB1C5CD6}.Release|Any CPU.Build.0 = Release|Any CPU
		{F0ACF9D2-2C47-47DB-81DF-05FCDDA92C8B}.Debug|Any CPU.ActiveCfg = Debug|Any CPU
		{F0ACF9D2-2C47-47DB-81DF-05FCDDA92C8B}.Debug|Any CPU.Build.0 = Debug|Any CPU
		{F0ACF9D2-2C47-47DB-81DF-05FCDDA92C8B}.Release|Any CPU.ActiveCfg = Release|Any CPU
		{F0ACF9D2-2C47-47DB-81DF-05FCDDA92C8B}.Release|Any CPU.Build.0 = Release|Any CPU
		{74D06209-61DF-4A72-8DE5-DCF8308619F1}.Debug|Any CPU.ActiveCfg = Debug|Any CPU
		{74D06209-61DF-4A72-8DE5-DCF8308619F1}.Debug|Any CPU.Build.0 = Debug|Any CPU
		{74D06209-61DF-4A72-8DE5-DCF8308619F1}.Release|Any CPU.ActiveCfg = Release|Any CPU
		{74D06209-61DF-4A72-8DE5-DCF8308619F1}.Release|Any CPU.Build.0 = Release|Any CPU
		{2FBAAAF6-2599-47F0-9073-D4B356238D86}.Debug|Any CPU.ActiveCfg = Debug|Any CPU
		{2FBAAAF6-2599-47F0-9073-D4B356238D86}.Debug|Any CPU.Build.0 = Debug|Any CPU
		{2FBAAAF6-2599-47F0-9073-D4B356238D86}.Release|Any CPU.ActiveCfg = Release|Any CPU
		{2FBAAAF6-2599-47F0-9073-D4B356238D86}.Release|Any CPU.Build.0 = Release|Any CPU
		{9AC053E9-FAD0-4497-B18A-8106FF0142AB}.Debug|Any CPU.ActiveCfg = Debug|Any CPU
		{9AC053E9-FAD0-4497-B18A-8106FF0142AB}.Debug|Any CPU.Build.0 = Debug|Any CPU
		{9AC053E9-FAD0-4497-B18A-8106FF0142AB}.Release|Any CPU.ActiveCfg = Release|Any CPU
		{9AC053E9-FAD0-4497-B18A-8106FF0142AB}.Release|Any CPU.Build.0 = Release|Any CPU
		{3DBCB506-3075-45E4-A30E-7E0A596B1705}.Debug|Any CPU.ActiveCfg = Debug|Any CPU
		{3DBCB506-3075-45E4-A30E-7E0A596B1705}.Debug|Any CPU.Build.0 = Debug|Any CPU
		{3DBCB506-3075-45E4-A30E-7E0A596B1705}.Release|Any CPU.ActiveCfg = Release|Any CPU
		{3DBCB506-3075-45E4-A30E-7E0A596B1705}.Release|Any CPU.Build.0 = Release|Any CPU
	EndGlobalSection
	GlobalSection(SolutionProperties) = preSolution
		HideSolutionNode = FALSE
	EndGlobalSection
	GlobalSection(ExtensibilityGlobals) = postSolution
		SolutionGuid = {290478F0-0AF1-4E0F-9187-33DAECE1FB2F}
	EndGlobalSection
EndGlobal
